
Microsoft Visual Studio Solution File, Format Version 12.00
# Visual Studio 15
VisualStudioVersion = 15.0.27703.2042
MinimumVisualStudioVersion = 10.0.40219.1
Project("{FAE04EC0-301F-11D3-BF4B-00C04F79EFBC}") = "Automation.Demo", "Automation.Demo\Automation.Demo.csproj", "{935449D9-C530-4D50-B699-196BF0151B0C}"
EndProject
Project("{FAE04EC0-301F-11D3-BF4B-00C04F79EFBC}") = "Automation.Page", "Automation.Page\Automation.Page.csproj", "{9FDC42BC-3B58-4319-A951-CF2EB5B833B9}"
EndProject
Project("{FAE04EC0-301F-11D3-BF4B-00C04F79EFBC}") = "Automation.Runner", "Automation.Runner\Automation.Runner.csproj", "{0677DFDA-1D99-4995-A429-60DADBA3132D}"
EndProject
Global
	GlobalSection(SolutionConfigurationPlatforms) = preSolution
		Debug|Any CPU = Debug|Any CPU
		Release|Any CPU = Release|Any CPU
	EndGlobalSection
	GlobalSection(ProjectConfigurationPlatforms) = postSolution
		{935449D9-C530-4D50-B699-196BF0151B0C}.Debug|Any CPU.ActiveCfg = Debug|Any CPU
		{935449D9-C530-4D50-B699-196BF0151B0C}.Debug|Any CPU.Build.0 = Debug|Any CPU
		{935449D9-C530-4D50-B699-196BF0151B0C}.Release|Any CPU.ActiveCfg = Release|Any CPU
		{935449D9-C530-4D50-B699-196BF0151B0C}.Release|Any CPU.Build.0 = Release|Any CPU
		{9FDC42BC-3B58-4319-A951-CF2EB5B833B9}.Debug|Any CPU.ActiveCfg = Debug|Any CPU
		{9FDC42BC-3B58-4319-A951-CF2EB5B833B9}.Debug|Any CPU.Build.0 = Debug|Any CPU
		{9FDC42BC-3B58-4319-A951-CF2EB5B833B9}.Release|Any CPU.ActiveCfg = Release|Any CPU
		{9FDC42BC-3B58-4319-A951-CF2EB5B833B9}.Release|Any CPU.Build.0 = Release|Any CPU
		{0677DFDA-1D99-4995-A429-60DADBA3132D}.Debug|Any CPU.ActiveCfg = Debug|Any CPU
		{0677DFDA-1D99-4995-A429-60DADBA3132D}.Debug|Any CPU.Build.0 = Debug|Any CPU
		{0677DFDA-1D99-4995-A429-60DADBA3132D}.Release|Any CPU.ActiveCfg = Release|Any CPU
		{0677DFDA-1D99-4995-A429-60DADBA3132D}.Release|Any CPU.Build.0 = Release|Any CPU
	EndGlobalSection
	GlobalSection(SolutionProperties) = preSolution
		HideSolutionNode = FALSE
	EndGlobalSection
	GlobalSection(ExtensibilityGlobals) = postSolution
		SolutionGuid = {569B8E87-FBEA-45BA-8C7E-8C9457F3561E}
	EndGlobalSection
EndGlobal
